
Microsoft Visual Studio Solution File, Format Version 12.00
# Visual Studio Version 17
VisualStudioVersion = 17.6.33801.468
MinimumVisualStudioVersion = 10.0.40219.1
Project("{FAE04EC0-301F-11D3-BF4B-00C04F79EFBC}") = "honey-beer-server-app", "honey-beer-server-app.csproj", "{22ED0DCB-1C5A-40C6-A7B7-B57162765C4A}"
EndProject
Global
	GlobalSection(SolutionConfigurationPlatforms) = preSolution
		Debug|Any CPU = Debug|Any CPU
		Release|Any CPU = Release|Any CPU
	EndGlobalSection
	GlobalSection(ProjectConfigurationPlatforms) = postSolution
		{22ED0DCB-1C5A-40C6-A7B7-B57162765C4A}.Debug|Any CPU.ActiveCfg = Debug|Any CPU
		{22ED0DCB-1C5A-40C6-A7B7-B57162765C4A}.Debug|Any CPU.Build.0 = Debug|Any CPU
		{22ED0DCB-1C5A-40C6-A7B7-B57162765C4A}.Release|Any CPU.ActiveCfg = Release|Any CPU
		{22ED0DCB-1C5A-40C6-A7B7-B57162765C4A}.Release|Any CPU.Build.0 = Release|Any CPU
	EndGlobalSection
	GlobalSection(SolutionProperties) = preSolution
		HideSolutionNode = FALSE
	EndGlobalSection
	GlobalSection(ExtensibilityGlobals) = postSolution
		SolutionGuid = {948C2845-0011-43EE-8979-DDA0ACC54D19}
	EndGlobalSection
EndGlobal
